
Microsoft Visual Studio Solution File, Format Version 12.00
# Visual Studio Version 16
VisualStudioVersion = 16.0.28803.352
MinimumVisualStudioVersion = 10.0.40219.1
Project("{8BC9CEB8-8B4A-11D0-8D11-00A0C91BC942}") = "NEAT", "NEAT\NEAT.vcxproj", "{C247E326-B719-4B32-98D5-8DAFD6DF973C}"
EndProject
Project("{8BC9CEB8-8B4A-11D0-8D11-00A0C91BC942}") = "UnitTest", "UnitTest\UnitTest.vcxproj", "{FEFF5F3C-706D-4B7D-9664-5972C6753CC7}"
	ProjectSection(ProjectDependencies) = postProject
		{C247E326-B719-4B32-98D5-8DAFD6DF973C} = {C247E326-B719-4B32-98D5-8DAFD6DF973C}
	EndProjectSection
EndProject
Project("{8BC9CEB8-8B4A-11D0-8D11-00A0C91BC942}") = "XOR_Test", "XOR_Test\XOR_Test.vcxproj", "{F8E6B5E2-9ABE-43BD-A422-06000C1B2029}"
	ProjectSection(ProjectDependencies) = postProject
		{C247E326-B719-4B32-98D5-8DAFD6DF973C} = {C247E326-B719-4B32-98D5-8DAFD6DF973C}
	EndProjectSection
EndProject
Project("{8BC9CEB8-8B4A-11D0-8D11-00A0C91BC942}") = "NeuralNetwork", "NeuralNetwork\NeuralNetwork.vcxproj", "{70CE5538-9AD3-490F-BAC5-4E28F32E32EE}"
EndProject
Global
	GlobalSection(SolutionConfigurationPlatforms) = preSolution
		Debug|x64 = Debug|x64
		Debug|x86 = Debug|x86
		Release|x64 = Release|x64
		Release|x86 = Release|x86
	EndGlobalSection
	GlobalSection(ProjectConfigurationPlatforms) = postSolution
		{C247E326-B719-4B32-98D5-8DAFD6DF973C}.Debug|x64.ActiveCfg = Debug|x64
		{C247E326-B719-4B32-98D5-8DAFD6DF973C}.Debug|x64.Build.0 = Debug|x64
		{C247E326-B719-4B32-98D5-8DAFD6DF973C}.Debug|x86.ActiveCfg = Debug|Win32
		{C247E326-B719-4B32-98D5-8DAFD6DF973C}.Debug|x86.Build.0 = Debug|Win32
		{C247E326-B719-4B32-98D5-8DAFD6DF973C}.Release|x64.ActiveCfg = Release|x64
		{C247E326-B719-4B32-98D5-8DAFD6DF973C}.Release|x64.Build.0 = Release|x64
		{C247E326-B719-4B32-98D5-8DAFD6DF973C}.Release|x86.ActiveCfg = Release|Win32
		{C247E326-B719-4B32-98D5-8DAFD6DF973C}.Release|x86.Build.0 = Release|Win32
		{FEFF5F3C-706D-4B7D-9664-5972C6753CC7}.Debug|x64.ActiveCfg = Debug|x64
		{FEFF5F3C-706D-4B7D-9664-5972C6753CC7}.Debug|x64.Build.0 = Debug|x64
		{FEFF5F3C-706D-4B7D-9664-5972C6753CC7}.Debug|x86.ActiveCfg = Debug|Win32
		{FEFF5F3C-706D-4B7D-9664-5972C6753CC7}.Debug|x86.Build.0 = Debug|Win32
		{FEFF5F3C-706D-4B7D-9664-5972C6753CC7}.Release|x64.ActiveCfg = Release|x64
		{FEFF5F3C-706D-4B7D-9664-5972C6753CC7}.Release|x64.Build.0 = Release|x64
		{FEFF5F3C-706D-4B7D-9664-5972C6753CC7}.Release|x86.ActiveCfg = Release|Win32
		{FEFF5F3C-706D-4B7D-9664-5972C6753CC7}.Release|x86.Build.0 = Release|Win32
		{F8E6B5E2-9ABE-43BD-A422-06000C1B2029}.Debug|x64.ActiveCfg = Debug|x64
		{F8E6B5E2-9ABE-43BD-A422-06000C1B2029}.Debug|x64.Build.0 = Debug|x64
		{F8E6B5E2-9ABE-43BD-A422-06000C1B2029}.Debug|x86.ActiveCfg = Debug|Win32
		{F8E6B5E2-9ABE-43BD-A422-06000C1B2029}.Debug|x86.Build.0 = Debug|Win32
		{F8E6B5E2-9ABE-43BD-A422-06000C1B2029}.Release|x64.ActiveCfg = Release|x64
		{F8E6B5E2-9ABE-43BD-A422-06000C1B2029}.Release|x64.Build.0 = Release|x64
		{F8E6B5E2-9ABE-43BD-A422-06000C1B2029}.Release|x86.ActiveCfg = Release|Win32
		{F8E6B5E2-9ABE-43BD-A422-06000C1B2029}.Release|x86.Build.0 = Release|Win32
		{70CE5538-9AD3-490F-BAC5-4E28F32E32EE}.Debug|x64.ActiveCfg = Debug|x64
		{70CE5538-9AD3-490F-BAC5-4E28F32E32EE}.Debug|x64.Build.0 = Debug|x64
		{70CE5538-9AD3-490F-BAC5-4E28F32E32EE}.Debug|x86.ActiveCfg = Debug|Win32
		{70CE5538-9AD3-490F-BAC5-4E28F32E32EE}.Debug|x86.Build.0 = Debug|Win32
		{70CE5538-9AD3-490F-BAC5-4E28F32E32EE}.Release|x64.ActiveCfg = Release|x64
		{70CE5538-9AD3-490F-BAC5-4E28F32E32EE}.Release|x64.Build.0 = Release|x64
		{70CE5538-9AD3-490F-BAC5-4E28F32E32EE}.Release|x86.ActiveCfg = Release|Win32
		{70CE5538-9AD3-490F-BAC5-4E28F32E32EE}.Release|x86.Build.0 = Release|Win32
	EndGlobalSection
	GlobalSection(SolutionProperties) = preSolution
		HideSolutionNode = FALSE
	EndGlobalSection
	GlobalSection(ExtensibilityGlobals) = postSolution
		SolutionGuid = {548AE846-5AD2-46CE-9553-7DFFD56A749D}
	EndGlobalSection
EndGlobal
